{
  "requires": true,
  "lockfileVersion": 1,
  "dependencies": {
    "lodash": {
      "version": "4.17.21",
      "resolved": "https://repo.dev.wixpress.com/artifactory/api/npm/npm-repos/lodash/-/lodash-4.17.21.tgz",
      "integrity": "sha1-Z5WRxWTDv/quhFTPCz3zcMPWkRw="
    },
    "ts-complex": {
      "version": "1.0.0",
      "resolved": "https://repo.dev.wixpress.com/artifactory/api/npm/npm-repos/ts-complex/-/ts-complex-1.0.0.tgz",
      "integrity": "sha1-wPeZq/3+Wp+PvpdZJ1wX97D/BGs=",
      "requires": {
        "lodash": "^4.17.10",
        "tsutils": "^2.27.1",
        "typescript": "^2.8.3"
      }
    },
    "tslib": {
      "version": "1.14.1",
      "resolved": "https://repo.dev.wixpress.com/artifactory/api/npm/npm-repos/tslib/-/tslib-1.14.1.tgz",
      "integrity": "sha1-zy04vcNKE0vK8QkcQfZhni9nLQA="
    },
    "tsutils": {
      "version": "2.29.0",
      "resolved": "https://repo.dev.wixpress.com/artifactory/api/npm/npm-repos/tsutils/-/tsutils-2.29.0.tgz",
      "integrity": "sha1-MrSIUBRnrL7dS4VJhnOggSrKC5k=",
      "requires": {
        "tslib": "^1.8.1"
      }
    },
    "typescript": {
      "version": "2.9.2",
      "resolved": "https://repo.dev.wixpress.com/artifactory/api/npm/npm-repos/typescript/-/typescript-2.9.2.tgz",
      "integrity": "sha1-HL9h0F1rliaSROtqO85L2RTg8Aw="
    }
  }
}
